
Microsoft Visual Studio Solution File, Format Version 12.00
# Visual Studio Version 17
VisualStudioVersion = 17.0.31903.59
MinimumVisualStudioVersion = 10.0.40219.1
Project("{FAE04EC0-301F-11D3-BF4B-00C04F79EFBC}") = "GCD0806Git", "GCD0806Git\GCD0806Git.csproj", "{1E465955-18CD-48AC-89E4-EFE4F191D70D}"
EndProject
Global
	GlobalSection(SolutionConfigurationPlatforms) = preSolution
		Debug|Any CPU = Debug|Any CPU
		Release|Any CPU = Release|Any CPU
	EndGlobalSection
	GlobalSection(ProjectConfigurationPlatforms) = postSolution
		{1E465955-18CD-48AC-89E4-EFE4F191D70D}.Debug|Any CPU.ActiveCfg = Debug|Any CPU
		{1E465955-18CD-48AC-89E4-EFE4F191D70D}.Debug|Any CPU.Build.0 = Debug|Any CPU
		{1E465955-18CD-48AC-89E4-EFE4F191D70D}.Release|Any CPU.ActiveCfg = Release|Any CPU
		{1E465955-18CD-48AC-89E4-EFE4F191D70D}.Release|Any CPU.Build.0 = Release|Any CPU
	EndGlobalSection
	GlobalSection(SolutionProperties) = preSolution
		HideSolutionNode = FALSE
	EndGlobalSection
	GlobalSection(ExtensibilityGlobals) = postSolution
		SolutionGuid = {76625463-A157-4FFF-9A1E-17EF956A111C}
	EndGlobalSection
EndGlobal
